
Microsoft Visual Studio Solution File, Format Version 12.00
# Visual Studio Version 17
VisualStudioVersion = 17.9.34728.123
MinimumVisualStudioVersion = 10.0.40219.1
Project("{FAE04EC0-301F-11D3-BF4B-00C04F79EFBC}") = "MarketingTask", "MarketingTask.csproj", "{CD7F91D4-B5F9-4EF8-B0BD-71A9115F1B7F}"
EndProject
Global
	GlobalSection(SolutionConfigurationPlatforms) = preSolution
		Debug|Any CPU = Debug|Any CPU
		Release|Any CPU = Release|Any CPU
	EndGlobalSection
	GlobalSection(ProjectConfigurationPlatforms) = postSolution
		{CD7F91D4-B5F9-4EF8-B0BD-71A9115F1B7F}.Debug|Any CPU.ActiveCfg = Debug|Any CPU
		{CD7F91D4-B5F9-4EF8-B0BD-71A9115F1B7F}.Debug|Any CPU.Build.0 = Debug|Any CPU
		{CD7F91D4-B5F9-4EF8-B0BD-71A9115F1B7F}.Release|Any CPU.ActiveCfg = Release|Any CPU
		{CD7F91D4-B5F9-4EF8-B0BD-71A9115F1B7F}.Release|Any CPU.Build.0 = Release|Any CPU
	EndGlobalSection
	GlobalSection(SolutionProperties) = preSolution
		HideSolutionNode = FALSE
	EndGlobalSection
	GlobalSection(ExtensibilityGlobals) = postSolution
		SolutionGuid = {1A8B60AF-ABCD-4B1C-9FFF-C7D8494C9ECD}
	EndGlobalSection
EndGlobal
